
Microsoft Visual Studio Solution File, Format Version 12.00
Project("{FAE04EC0-301F-11D3-BF4B-00C04F79EFBC}") = "RoomService", "RoomService\RoomService.csproj", "{C6E53321-764F-453F-BB76-F0397E23B40E}"
EndProject
Project("{FAE04EC0-301F-11D3-BF4B-00C04F79EFBC}") = "NotificationService", "NotificationService\NotificationService.csproj", "{4ED92DF8-CDF1-4819-999D-D7817DDD0700}"
EndProject
Project("{FAE04EC0-301F-11D3-BF4B-00C04F79EFBC}") = "InvoiceService", "InvoiceService\InvoiceService.csproj", "{72010D73-3F37-4E46-AC4A-CC6E1F48BB9D}"
EndProject
Project("{FAE04EC0-301F-11D3-BF4B-00C04F79EFBC}") = "PaymentService", "PaymentService\PaymentService.csproj", "{B4755AC4-4F1D-48E7-8EF4-D1EBD621BD0D}"
EndProject
Project("{FAE04EC0-301F-11D3-BF4B-00C04F79EFBC}") = "BiddingService", "BiddingService\BiddingService.csproj", "{F3D160C0-0368-415F-A816-7882DA7B518B}"
EndProject
Project("{FAE04EC0-301F-11D3-BF4B-00C04F79EFBC}") = "Shared", "Shared\Shared.csproj", "{C8B8A9A3-26A3-4F61-AC52-955A4866A7A8}"
EndProject
Global
	GlobalSection(SolutionConfigurationPlatforms) = preSolution
		Debug|Any CPU = Debug|Any CPU
		Release|Any CPU = Release|Any CPU
	EndGlobalSection
	GlobalSection(ProjectConfigurationPlatforms) = postSolution
		{C6E53321-764F-453F-BB76-F0397E23B40E}.Debug|Any CPU.ActiveCfg = Debug|Any CPU
		{C6E53321-764F-453F-BB76-F0397E23B40E}.Debug|Any CPU.Build.0 = Debug|Any CPU
		{C6E53321-764F-453F-BB76-F0397E23B40E}.Release|Any CPU.ActiveCfg = Release|Any CPU
		{C6E53321-764F-453F-BB76-F0397E23B40E}.Release|Any CPU.Build.0 = Release|Any CPU
		{4ED92DF8-CDF1-4819-999D-D7817DDD0700}.Debug|Any CPU.ActiveCfg = Debug|Any CPU
		{4ED92DF8-CDF1-4819-999D-D7817DDD0700}.Debug|Any CPU.Build.0 = Debug|Any CPU
		{4ED92DF8-CDF1-4819-999D-D7817DDD0700}.Release|Any CPU.ActiveCfg = Release|Any CPU
		{4ED92DF8-CDF1-4819-999D-D7817DDD0700}.Release|Any CPU.Build.0 = Release|Any CPU
		{72010D73-3F37-4E46-AC4A-CC6E1F48BB9D}.Debug|Any CPU.ActiveCfg = Debug|Any CPU
		{72010D73-3F37-4E46-AC4A-CC6E1F48BB9D}.Debug|Any CPU.Build.0 = Debug|Any CPU
		{72010D73-3F37-4E46-AC4A-CC6E1F48BB9D}.Release|Any CPU.ActiveCfg = Release|Any CPU
		{72010D73-3F37-4E46-AC4A-CC6E1F48BB9D}.Release|Any CPU.Build.0 = Release|Any CPU
		{B4755AC4-4F1D-48E7-8EF4-D1EBD621BD0D}.Debug|Any CPU.ActiveCfg = Debug|Any CPU
		{B4755AC4-4F1D-48E7-8EF4-D1EBD621BD0D}.Debug|Any CPU.Build.0 = Debug|Any CPU
		{B4755AC4-4F1D-48E7-8EF4-D1EBD621BD0D}.Release|Any CPU.ActiveCfg = Release|Any CPU
		{B4755AC4-4F1D-48E7-8EF4-D1EBD621BD0D}.Release|Any CPU.Build.0 = Release|Any CPU
		{F3D160C0-0368-415F-A816-7882DA7B518B}.Debug|Any CPU.ActiveCfg = Debug|Any CPU
		{F3D160C0-0368-415F-A816-7882DA7B518B}.Debug|Any CPU.Build.0 = Debug|Any CPU
		{F3D160C0-0368-415F-A816-7882DA7B518B}.Release|Any CPU.ActiveCfg = Release|Any CPU
		{F3D160C0-0368-415F-A816-7882DA7B518B}.Release|Any CPU.Build.0 = Release|Any CPU
		{C8B8A9A3-26A3-4F61-AC52-955A4866A7A8}.Debug|Any CPU.ActiveCfg = Debug|Any CPU
		{C8B8A9A3-26A3-4F61-AC52-955A4866A7A8}.Debug|Any CPU.Build.0 = Debug|Any CPU
		{C8B8A9A3-26A3-4F61-AC52-955A4866A7A8}.Release|Any CPU.ActiveCfg = Release|Any CPU
		{C8B8A9A3-26A3-4F61-AC52-955A4866A7A8}.Release|Any CPU.Build.0 = Release|Any CPU
	EndGlobalSection
EndGlobal
